// !$*UTF8*$!
{
	archiveVersion = 1;
	classes = {
	};
	objectVersion = 50;
	objects = {

/* Begin PBXBuildFile section */
		C535A57722556FB20076C971 /* Nuke.framework in Frameworks */ = {isa = PBXBuildFile; fileRef = C535A57622556FB20076C971 /* Nuke.framework */; };
		C570A5452228A5D900B68BBE /* OHHTTPStubs.framework in Frameworks */ = {isa = PBXBuildFile; fileRef = C570A5442228A5D900B68BBE /* OHHTTPStubs.framework */; };
		C570A5462228A5F800B68BBE /* OHHTTPStubs.framework in CopyFiles */ = {isa = PBXBuildFile; fileRef = C570A5442228A5D900B68BBE /* OHHTTPStubs.framework */; settings = {ATTRIBUTES = (CodeSignOnCopy, RemoveHeadersOnCopy, ); }; };
		C5912B872221217A009B1D33 /* AppDelegate.swift in Sources */ = {isa = PBXBuildFile; fileRef = C5912B862221217A009B1D33 /* AppDelegate.swift */; };
		C5912B8C2221217A009B1D33 /* Main.storyboard in Resources */ = {isa = PBXBuildFile; fileRef = C5912B8A2221217A009B1D33 /* Main.storyboard */; };
		C5912B8E2221217D009B1D33 /* Assets.xcassets in Resources */ = {isa = PBXBuildFile; fileRef = C5912B8D2221217D009B1D33 /* Assets.xcassets */; };
		C5912B912221217D009B1D33 /* LaunchScreen.storyboard in Resources */ = {isa = PBXBuildFile; fileRef = C5912B8F2221217D009B1D33 /* LaunchScreen.storyboard */; };
		C5912B9C2221217D009B1D33 /* QiitaVieweriOSTests.swift in Sources */ = {isa = PBXBuildFile; fileRef = C5912B9B2221217D009B1D33 /* QiitaVieweriOSTests.swift */; };
		C5912BA72221217E009B1D33 /* QiitaVieweriOSUITests.swift in Sources */ = {isa = PBXBuildFile; fileRef = C5912BA62221217E009B1D33 /* QiitaVieweriOSUITests.swift */; };
		C5912BB6222137B1009B1D33 /* ItemListViewController.swift in Sources */ = {isa = PBXBuildFile; fileRef = C5912BB5222137B1009B1D33 /* ItemListViewController.swift */; };
		C5912BB822213954009B1D33 /* MainTabBarController.swift in Sources */ = {isa = PBXBuildFile; fileRef = C5912BB722213954009B1D33 /* MainTabBarController.swift */; };
		C5912BBB22213A6E009B1D33 /* RxSwift.framework in Frameworks */ = {isa = PBXBuildFile; fileRef = C5912BBA22213A6D009B1D33 /* RxSwift.framework */; };
		C5912BBD22213A81009B1D33 /* RxCocoa.framework in Frameworks */ = {isa = PBXBuildFile; fileRef = C5912BBC22213A81009B1D33 /* RxCocoa.framework */; };
		C5912BC022225ADA009B1D33 /* ItemListViewController.storyboard in Resources */ = {isa = PBXBuildFile; fileRef = C5912BBF22225ADA009B1D33 /* ItemListViewController.storyboard */; };
		C5912BC4222269C5009B1D33 /* ItemListViewModel.swift in Sources */ = {isa = PBXBuildFile; fileRef = C5912BC3222269C5009B1D33 /* ItemListViewModel.swift */; };
		C5912BC622226A26009B1D33 /* ItemListModel.swift in Sources */ = {isa = PBXBuildFile; fileRef = C5912BC522226A26009B1D33 /* ItemListModel.swift */; };
		C5912BC822226EE6009B1D33 /* APIKit.framework in Frameworks */ = {isa = PBXBuildFile; fileRef = C5912BC722226EE5009B1D33 /* APIKit.framework */; };
		C5912BCA22227F52009B1D33 /* Result.framework in Frameworks */ = {isa = PBXBuildFile; fileRef = C5912BC922227F52009B1D33 /* Result.framework */; };
		C5912BCC2222844D009B1D33 /* Quick.framework in Frameworks */ = {isa = PBXBuildFile; fileRef = C5912BCB2222844D009B1D33 /* Quick.framework */; };
		C5912BCE2222845B009B1D33 /* Nimble.framework in Frameworks */ = {isa = PBXBuildFile; fileRef = C5912BCD2222845B009B1D33 /* Nimble.framework */; };
		C5912BD02222848D009B1D33 /* Nimble.framework in CopyFiles */ = {isa = PBXBuildFile; fileRef = C5912BCD2222845B009B1D33 /* Nimble.framework */; settings = {ATTRIBUTES = (CodeSignOnCopy, RemoveHeadersOnCopy, ); }; };
		C5912BD122228497009B1D33 /* Quick.framework in CopyFiles */ = {isa = PBXBuildFile; fileRef = C5912BCB2222844D009B1D33 /* Quick.framework */; settings = {ATTRIBUTES = (CodeSignOnCopy, RemoveHeadersOnCopy, ); }; };
		C5912BD4222284D7009B1D33 /* ItemListModelSpec.swift in Sources */ = {isa = PBXBuildFile; fileRef = C5912BD3222284D7009B1D33 /* ItemListModelSpec.swift */; };
		C5912BD822228577009B1D33 /* items.json in Resources */ = {isa = PBXBuildFile; fileRef = C5912BD722228577009B1D33 /* items.json */; };
		C59A7FC6223CC48E00C8CE13 /* Item.swift in Sources */ = {isa = PBXBuildFile; fileRef = C59A7FC5223CC48E00C8CE13 /* Item.swift */; };
		C5C25204222B9E21000BD03A /* ItemListTableCell.swift in Sources */ = {isa = PBXBuildFile; fileRef = C5C25203222B9E21000BD03A /* ItemListTableCell.swift */; };
		C5C25208222B9E82000BD03A /* ItemListTableCell.xib in Resources */ = {isa = PBXBuildFile; fileRef = C5C25207222B9E82000BD03A /* ItemListTableCell.xib */; };
		C5DDC83E222A68A800A6C9BB /* DecodableDataParser.swift in Sources */ = {isa = PBXBuildFile; fileRef = C5DDC83D222A68A800A6C9BB /* DecodableDataParser.swift */; };
/* End PBXBuildFile section */

/* Begin PBXContainerItemProxy section */
		C5912B982221217D009B1D33 /* PBXContainerItemProxy */ = {
			isa = PBXContainerItemProxy;
			containerPortal = C5912B7B2221217A009B1D33 /* Project object */;
			proxyType = 1;
			remoteGlobalIDString = C5912B822221217A009B1D33;
			remoteInfo = QiitaVieweriOS;
		};
		C5912BA32221217E009B1D33 /* PBXContainerItemProxy */ = {
			isa = PBXContainerItemProxy;
			containerPortal = C5912B7B2221217A009B1D33 /* Project object */;
			proxyType = 1;
			remoteGlobalIDString = C5912B822221217A009B1D33;
			remoteInfo = QiitaVieweriOS;
		};
/* End PBXContainerItemProxy section */

/* Begin PBXCopyFilesBuildPhase section */
		C5912BCF22228467009B1D33 /* CopyFiles */ = {
			isa = PBXCopyFilesBuildPhase;
			buildActionMask = 2147483647;
			dstPath = "";
			dstSubfolderSpec = 10;
			files = (
				C570A5462228A5F800B68BBE /* OHHTTPStubs.framework in CopyFiles */,
				C5912BD122228497009B1D33 /* Quick.framework in CopyFiles */,
				C5912BD02222848D009B1D33 /* Nimble.framework in CopyFiles */,
			);
			runOnlyForDeploymentPostprocessing = 0;
		};
/* End PBXCopyFilesBuildPhase section */

/* Begin PBXFileReference section */
		C535A57622556FB20076C971 /* Nuke.framework */ = {isa = PBXFileReference; lastKnownFileType = wrapper.framework; name = Nuke.framework; path = Carthage/Build/iOS/Nuke.framework; sourceTree = "<group>"; };
		C570A5442228A5D900B68BBE /* OHHTTPStubs.framework */ = {isa = PBXFileReference; lastKnownFileType = wrapper.framework; name = OHHTTPStubs.framework; path = Carthage/Build/iOS/OHHTTPStubs.framework; sourceTree = "<group>"; };
		C5912B832221217A009B1D33 /* QiitaVieweriOS.app */ = {isa = PBXFileReference; explicitFileType = wrapper.application; includeInIndex = 0; path = QiitaVieweriOS.app; sourceTree = BUILT_PRODUCTS_DIR; };
		C5912B862221217A009B1D33 /* AppDelegate.swift */ = {isa = PBXFileReference; lastKnownFileType = sourcecode.swift; path = AppDelegate.swift; sourceTree = "<group>"; };
		C5912B8B2221217A009B1D33 /* Base */ = {isa = PBXFileReference; lastKnownFileType = file.storyboard; name = Base; path = Base.lproj/Main.storyboard; sourceTree = "<group>"; };
		C5912B8D2221217D009B1D33 /* Assets.xcassets */ = {isa = PBXFileReference; lastKnownFileType = folder.assetcatalog; path = Assets.xcassets; sourceTree = "<group>"; };
		C5912B902221217D009B1D33 /* Base */ = {isa = PBXFileReference; lastKnownFileType = file.storyboard; name = Base; path = Base.lproj/LaunchScreen.storyboard; sourceTree = "<group>"; };
		C5912B922221217D009B1D33 /* Info.plist */ = {isa = PBXFileReference; lastKnownFileType = text.plist.xml; path = Info.plist; sourceTree = "<group>"; };
		C5912B972221217D009B1D33 /* QiitaVieweriOSTests.xctest */ = {isa = PBXFileReference; explicitFileType = wrapper.cfbundle; includeInIndex = 0; path = QiitaVieweriOSTests.xctest; sourceTree = BUILT_PRODUCTS_DIR; };
		C5912B9B2221217D009B1D33 /* QiitaVieweriOSTests.swift */ = {isa = PBXFileReference; lastKnownFileType = sourcecode.swift; path = QiitaVieweriOSTests.swift; sourceTree = "<group>"; };
		C5912B9D2221217D009B1D33 /* Info.plist */ = {isa = PBXFileReference; lastKnownFileType = text.plist.xml; path = Info.plist; sourceTree = "<group>"; };
		C5912BA22221217E009B1D33 /* QiitaVieweriOSUITests.xctest */ = {isa = PBXFileReference; explicitFileType = wrapper.cfbundle; includeInIndex = 0; path = QiitaVieweriOSUITests.xctest; sourceTree = BUILT_PRODUCTS_DIR; };
		C5912BA62221217E009B1D33 /* QiitaVieweriOSUITests.swift */ = {isa = PBXFileReference; lastKnownFileType = sourcecode.swift; path = QiitaVieweriOSUITests.swift; sourceTree = "<group>"; };
		C5912BA82221217E009B1D33 /* Info.plist */ = {isa = PBXFileReference; lastKnownFileType = text.plist.xml; path = Info.plist; sourceTree = "<group>"; };
		C5912BB5222137B1009B1D33 /* ItemListViewController.swift */ = {isa = PBXFileReference; lastKnownFileType = sourcecode.swift; path = ItemListViewController.swift; sourceTree = "<group>"; };
		C5912BB722213954009B1D33 /* MainTabBarController.swift */ = {isa = PBXFileReference; lastKnownFileType = sourcecode.swift; path = MainTabBarController.swift; sourceTree = "<group>"; };
		C5912BBA22213A6D009B1D33 /* RxSwift.framework */ = {isa = PBXFileReference; lastKnownFileType = wrapper.framework; name = RxSwift.framework; path = Carthage/Build/iOS/RxSwift.framework; sourceTree = "<group>"; };
		C5912BBC22213A81009B1D33 /* RxCocoa.framework */ = {isa = PBXFileReference; lastKnownFileType = wrapper.framework; name = RxCocoa.framework; path = Carthage/Build/iOS/RxCocoa.framework; sourceTree = "<group>"; };
		C5912BBF22225ADA009B1D33 /* ItemListViewController.storyboard */ = {isa = PBXFileReference; lastKnownFileType = file.storyboard; path = ItemListViewController.storyboard; sourceTree = "<group>"; };
		C5912BC3222269C5009B1D33 /* ItemListViewModel.swift */ = {isa = PBXFileReference; lastKnownFileType = sourcecode.swift; path = ItemListViewModel.swift; sourceTree = "<group>"; };
		C5912BC522226A26009B1D33 /* ItemListModel.swift */ = {isa = PBXFileReference; lastKnownFileType = sourcecode.swift; path = ItemListModel.swift; sourceTree = "<group>"; };
		C5912BC722226EE5009B1D33 /* APIKit.framework */ = {isa = PBXFileReference; lastKnownFileType = wrapper.framework; name = APIKit.framework; path = Carthage/Build/iOS/APIKit.framework; sourceTree = "<group>"; };
		C5912BC922227F52009B1D33 /* Result.framework */ = {isa = PBXFileReference; lastKnownFileType = wrapper.framework; name = Result.framework; path = Carthage/Build/iOS/Result.framework; sourceTree = "<group>"; };
		C5912BCB2222844D009B1D33 /* Quick.framework */ = {isa = PBXFileReference; lastKnownFileType = wrapper.framework; name = Quick.framework; path = Carthage/Build/iOS/Quick.framework; sourceTree = "<group>"; };
		C5912BCD2222845B009B1D33 /* Nimble.framework */ = {isa = PBXFileReference; lastKnownFileType = wrapper.framework; name = Nimble.framework; path = Carthage/Build/iOS/Nimble.framework; sourceTree = "<group>"; };
		C5912BD3222284D7009B1D33 /* ItemListModelSpec.swift */ = {isa = PBXFileReference; lastKnownFileType = sourcecode.swift; path = ItemListModelSpec.swift; sourceTree = "<group>"; };
		C5912BD722228577009B1D33 /* items.json */ = {isa = PBXFileReference; lastKnownFileType = text.json; path = items.json; sourceTree = "<group>"; };
		C59A7FC5223CC48E00C8CE13 /* Item.swift */ = {isa = PBXFileReference; lastKnownFileType = sourcecode.swift; path = Item.swift; sourceTree = "<group>"; };
		C5C25203222B9E21000BD03A /* ItemListTableCell.swift */ = {isa = PBXFileReference; lastKnownFileType = sourcecode.swift; path = ItemListTableCell.swift; sourceTree = "<group>"; };
		C5C25207222B9E82000BD03A /* ItemListTableCell.xib */ = {isa = PBXFileReference; lastKnownFileType = file.xib; path = ItemListTableCell.xib; sourceTree = "<group>"; };
		C5DDC83D222A68A800A6C9BB /* DecodableDataParser.swift */ = {isa = PBXFileReference; lastKnownFileType = sourcecode.swift; path = DecodableDataParser.swift; sourceTree = "<group>"; };
/* End PBXFileReference section */

/* Begin PBXFrameworksBuildPhase section */
		C5912B802221217A009B1D33 /* Frameworks */ = {
			isa = PBXFrameworksBuildPhase;
			buildActionMask = 2147483647;
			files = (
				C535A57722556FB20076C971 /* Nuke.framework in Frameworks */,
				C5912BCA22227F52009B1D33 /* Result.framework in Frameworks */,
				C5912BC822226EE6009B1D33 /* APIKit.framework in Frameworks */,
				C5912BBD22213A81009B1D33 /* RxCocoa.framework in Frameworks */,
				C5912BBB22213A6E009B1D33 /* RxSwift.framework in Frameworks */,
			);
			runOnlyForDeploymentPostprocessing = 0;
		};
		C5912B942221217D009B1D33 /* Frameworks */ = {
			isa = PBXFrameworksBuildPhase;
			buildActionMask = 2147483647;
			files = (
				C570A5452228A5D900B68BBE /* OHHTTPStubs.framework in Frameworks */,
				C5912BCE2222845B009B1D33 /* Nimble.framework in Frameworks */,
				C5912BCC2222844D009B1D33 /* Quick.framework in Frameworks */,
			);
			runOnlyForDeploymentPostprocessing = 0;
		};
		C5912B9F2221217E009B1D33 /* Frameworks */ = {
			isa = PBXFrameworksBuildPhase;
			buildActionMask = 2147483647;
			files = (
			);
			runOnlyForDeploymentPostprocessing = 0;
		};
/* End PBXFrameworksBuildPhase section */

/* Begin PBXGroup section */
		C5912B7A2221217A009B1D33 = {
			isa = PBXGroup;
			children = (
				C5912B852221217A009B1D33 /* QiitaVieweriOS */,
				C5912B9A2221217D009B1D33 /* QiitaVieweriOSTests */,
				C5912BA52221217E009B1D33 /* QiitaVieweriOSUITests */,
				C5912B842221217A009B1D33 /* Products */,
				C5912BB922213A6C009B1D33 /* Frameworks */,
			);
			sourceTree = "<group>";
		};
		C5912B842221217A009B1D33 /* Products */ = {
			isa = PBXGroup;
			children = (
				C5912B832221217A009B1D33 /* QiitaVieweriOS.app */,
				C5912B972221217D009B1D33 /* QiitaVieweriOSTests.xctest */,
				C5912BA22221217E009B1D33 /* QiitaVieweriOSUITests.xctest */,
			);
			name = Products;
			sourceTree = "<group>";
		};
		C5912B852221217A009B1D33 /* QiitaVieweriOS */ = {
			isa = PBXGroup;
			children = (
				C5DDC840222A693000A6C9BB /* Utility */,
				C5912BC22222696B009B1D33 /* Model */,
				C5912BC122226961009B1D33 /* ViewModel */,
				C5912BB42221378E009B1D33 /* View */,
				C5912B862221217A009B1D33 /* AppDelegate.swift */,
				C5912B8A2221217A009B1D33 /* Main.storyboard */,
				C5912B8D2221217D009B1D33 /* Assets.xcassets */,
				C5912B8F2221217D009B1D33 /* LaunchScreen.storyboard */,
				C5912B922221217D009B1D33 /* Info.plist */,
			);
			path = QiitaVieweriOS;
			sourceTree = "<group>";
		};
		C5912B9A2221217D009B1D33 /* QiitaVieweriOSTests */ = {
			isa = PBXGroup;
			children = (
				C5912BD622228516009B1D33 /* resource */,
				C5912BD52222850B009B1D33 /* src */,
				C5912B9D2221217D009B1D33 /* Info.plist */,
			);
			path = QiitaVieweriOSTests;
			sourceTree = "<group>";
		};
		C5912BA52221217E009B1D33 /* QiitaVieweriOSUITests */ = {
			isa = PBXGroup;
			children = (
				C5912BA62221217E009B1D33 /* QiitaVieweriOSUITests.swift */,
				C5912BA82221217E009B1D33 /* Info.plist */,
			);
			path = QiitaVieweriOSUITests;
			sourceTree = "<group>";
		};
		C5912BB42221378E009B1D33 /* View */ = {
			isa = PBXGroup;
			children = (
				C5EF65FF222BA10000095228 /* MainTabBar */,
				C5C25200222B9DE1000BD03A /* ItemList */,
			);
			path = View;
			sourceTree = "<group>";
		};
		C5912BB922213A6C009B1D33 /* Frameworks */ = {
			isa = PBXGroup;
			children = (
				C535A57622556FB20076C971 /* Nuke.framework */,
				C570A5442228A5D900B68BBE /* OHHTTPStubs.framework */,
				C5912BCD2222845B009B1D33 /* Nimble.framework */,
				C5912BCB2222844D009B1D33 /* Quick.framework */,
				C5912BC922227F52009B1D33 /* Result.framework */,
				C5912BC722226EE5009B1D33 /* APIKit.framework */,
				C5912BBC22213A81009B1D33 /* RxCocoa.framework */,
				C5912BBA22213A6D009B1D33 /* RxSwift.framework */,
			);
			name = Frameworks;
			sourceTree = "<group>";
		};
		C5912BC122226961009B1D33 /* ViewModel */ = {
			isa = PBXGroup;
			children = (
				C5EF65FE222BA0ED00095228 /* ItemList */,
			);
			path = ViewModel;
			sourceTree = "<group>";
		};
		C5912BC22222696B009B1D33 /* Model */ = {
			isa = PBXGroup;
			children = (
				C5DDC83F222A690700A6C9BB /* ItemList */,
			);
			path = Model;
			sourceTree = "<group>";
		};
		C5912BD2222284AA009B1D33 /* Model */ = {
			isa = PBXGroup;
			children = (
				C59A7FC9223DF94E00C8CE13 /* ItemList */,
			);
			path = Model;
			sourceTree = "<group>";
		};
		C5912BD52222850B009B1D33 /* src */ = {
			isa = PBXGroup;
			children = (
				C5912B9B2221217D009B1D33 /* QiitaVieweriOSTests.swift */,
				C5912BD2222284AA009B1D33 /* Model */,
			);
			path = src;
			sourceTree = "<group>";
		};
		C5912BD622228516009B1D33 /* resource */ = {
			isa = PBXGroup;
			children = (
				C5912BD722228577009B1D33 /* items.json */,
			);
			path = resource;
			sourceTree = "<group>";
		};
		C59A7FC9223DF94E00C8CE13 /* ItemList */ = {
			isa = PBXGroup;
			children = (
				C5912BD3222284D7009B1D33 /* ItemListModelSpec.swift */,
			);
			path = ItemList;
			sourceTree = "<group>";
		};
		C5C25200222B9DE1000BD03A /* ItemList */ = {
			isa = PBXGroup;
			children = (
				C5912BB5222137B1009B1D33 /* ItemListViewController.swift */,
				C5912BBF22225ADA009B1D33 /* ItemListViewController.storyboard */,
				C5C25203222B9E21000BD03A /* ItemListTableCell.swift */,
				C5C25207222B9E82000BD03A /* ItemListTableCell.xib */,
			);
			path = ItemList;
			sourceTree = "<group>";
		};
		C5DDC83C222A688700A6C9BB /* DataParser */ = {
			isa = PBXGroup;
			children = (
				C5DDC83D222A68A800A6C9BB /* DecodableDataParser.swift */,
			);
			path = DataParser;
			sourceTree = "<group>";
		};
		C5DDC83F222A690700A6C9BB /* ItemList */ = {
			isa = PBXGroup;
			children = (
				C5912BC522226A26009B1D33 /* ItemListModel.swift */,
				C59A7FC5223CC48E00C8CE13 /* Item.swift */,
			);
			path = ItemList;
			sourceTree = "<group>";
		};
		C5DDC840222A693000A6C9BB /* Utility */ = {
			isa = PBXGroup;
			children = (
				C5DDC83C222A688700A6C9BB /* DataParser */,
			);
			path = Utility;
			sourceTree = "<group>";
		};
		C5EF65FE222BA0ED00095228 /* ItemList */ = {
			isa = PBXGroup;
			children = (
				C5912BC3222269C5009B1D33 /* ItemListViewModel.swift */,
			);
			path = ItemList;
			sourceTree = "<group>";
		};
		C5EF65FF222BA10000095228 /* MainTabBar */ = {
			isa = PBXGroup;
			children = (
				C5912BB722213954009B1D33 /* MainTabBarController.swift */,
			);
			path = MainTabBar;
			sourceTree = "<group>";
		};
/* End PBXGroup section */

/* Begin PBXNativeTarget section */
		C5912B822221217A009B1D33 /* QiitaVieweriOS */ = {
			isa = PBXNativeTarget;
			buildConfigurationList = C5912BAB2221217E009B1D33 /* Build configuration list for PBXNativeTarget "QiitaVieweriOS" */;
			buildPhases = (
				C5912B7F2221217A009B1D33 /* Sources */,
				C5912B802221217A009B1D33 /* Frameworks */,
				C5912B812221217A009B1D33 /* Resources */,
				C5912BBE222255CF009B1D33 /* Run Carthage */,
				C539BC3F225867B900436A57 /* Run Swiftlint */,
			);
			buildRules = (
			);
			dependencies = (
			);
			name = QiitaVieweriOS;
			productName = QiitaVieweriOS;
			productReference = C5912B832221217A009B1D33 /* QiitaVieweriOS.app */;
			productType = "com.apple.product-type.application";
		};
		C5912B962221217D009B1D33 /* QiitaVieweriOSTests */ = {
			isa = PBXNativeTarget;
			buildConfigurationList = C5912BAE2221217E009B1D33 /* Build configuration list for PBXNativeTarget "QiitaVieweriOSTests" */;
			buildPhases = (
				C5912B932221217D009B1D33 /* Sources */,
				C5912B942221217D009B1D33 /* Frameworks */,
				C5912B952221217D009B1D33 /* Resources */,
				C5912BCF22228467009B1D33 /* CopyFiles */,
			);
			buildRules = (
			);
			dependencies = (
				C5912B992221217D009B1D33 /* PBXTargetDependency */,
			);
			name = QiitaVieweriOSTests;
			productName = QiitaVieweriOSTests;
			productReference = C5912B972221217D009B1D33 /* QiitaVieweriOSTests.xctest */;
			productType = "com.apple.product-type.bundle.unit-test";
		};
		C5912BA12221217E009B1D33 /* QiitaVieweriOSUITests */ = {
			isa = PBXNativeTarget;
			buildConfigurationList = C5912BB12221217E009B1D33 /* Build configuration list for PBXNativeTarget "QiitaVieweriOSUITests" */;
			buildPhases = (
				C5912B9E2221217E009B1D33 /* Sources */,
				C5912B9F2221217E009B1D33 /* Frameworks */,
				C5912BA02221217E009B1D33 /* Resources */,
			);
			buildRules = (
			);
			dependencies = (
				C5912BA42221217E009B1D33 /* PBXTargetDependency */,
			);
			name = QiitaVieweriOSUITests;
			productName = QiitaVieweriOSUITests;
			productReference = C5912BA22221217E009B1D33 /* QiitaVieweriOSUITests.xctest */;
			productType = "com.apple.product-type.bundle.ui-testing";
		};
/* End PBXNativeTarget section */

/* Begin PBXProject section */
		C5912B7B2221217A009B1D33 /* Project object */ = {
			isa = PBXProject;
			attributes = {
				LastSwiftUpdateCheck = 1010;
				LastUpgradeCheck = 1010;
				ORGANIZATIONNAME = subta90;
				TargetAttributes = {
					C5912B822221217A009B1D33 = {
						CreatedOnToolsVersion = 10.1;
					};
					C5912B962221217D009B1D33 = {
						CreatedOnToolsVersion = 10.1;
						TestTargetID = C5912B822221217A009B1D33;
					};
					C5912BA12221217E009B1D33 = {
						CreatedOnToolsVersion = 10.1;
						TestTargetID = C5912B822221217A009B1D33;
					};
				};
			};
			buildConfigurationList = C5912B7E2221217A009B1D33 /* Build configuration list for PBXProject "QiitaVieweriOS" */;
			compatibilityVersion = "Xcode 9.3";
			developmentRegion = en;
			hasScannedForEncodings = 0;
			knownRegions = (
				en,
				Base,
			);
			mainGroup = C5912B7A2221217A009B1D33;
			productRefGroup = C5912B842221217A009B1D33 /* Products */;
			projectDirPath = "";
			projectRoot = "";
			targets = (
				C5912B822221217A009B1D33 /* QiitaVieweriOS */,
				C5912B962221217D009B1D33 /* QiitaVieweriOSTests */,
				C5912BA12221217E009B1D33 /* QiitaVieweriOSUITests */,
			);
		};
/* End PBXProject section */

/* Begin PBXResourcesBuildPhase section */
		C5912B812221217A009B1D33 /* Resources */ = {
			isa = PBXResourcesBuildPhase;
			buildActionMask = 2147483647;
			files = (
				C5C25208222B9E82000BD03A /* ItemListTableCell.xib in Resources */,
				C5912B912221217D009B1D33 /* LaunchScreen.storyboard in Resources */,
				C5912B8E2221217D009B1D33 /* Assets.xcassets in Resources */,
				C5912BC022225ADA009B1D33 /* ItemListViewController.storyboard in Resources */,
				C5912B8C2221217A009B1D33 /* Main.storyboard in Resources */,
			);
			runOnlyForDeploymentPostprocessing = 0;
		};
		C5912B952221217D009B1D33 /* Resources */ = {
			isa = PBXResourcesBuildPhase;
			buildActionMask = 2147483647;
			files = (
				C5912BD822228577009B1D33 /* items.json in Resources */,
			);
			runOnlyForDeploymentPostprocessing = 0;
		};
		C5912BA02221217E009B1D33 /* Resources */ = {
			isa = PBXResourcesBuildPhase;
			buildActionMask = 2147483647;
			files = (
			);
			runOnlyForDeploymentPostprocessing = 0;
		};
/* End PBXResourcesBuildPhase section */

/* Begin PBXShellScriptBuildPhase section */
		C539BC3F225867B900436A57 /* Run Swiftlint */ = {
			isa = PBXShellScriptBuildPhase;
			buildActionMask = 2147483647;
			files = (
			);
			inputFileListPaths = (
			);
			inputPaths = (
			);
			name = "Run Swiftlint";
			outputFileListPaths = (
			);
			outputPaths = (
			);
			runOnlyForDeploymentPostprocessing = 0;
			shellPath = /bin/sh;
			shellScript = "if which swiftlint >/dev/null; then\nswiftlint autocorrect --format\nswiftlint\nelse\necho \"warning: SwiftLint is not installed, please download from https://github.com/realm/SwiftLint\"\nfi\n";
		};
		C5912BBE222255CF009B1D33 /* Run Carthage */ = {
			isa = PBXShellScriptBuildPhase;
			buildActionMask = 2147483647;
			files = (
			);
			inputFileListPaths = (
			);
			inputPaths = (
				"$(SRCROOT)/Carthage/Build/iOS/RxSwift.framework",
				"$(SRCROOT)/Carthage/Build/iOS/RxCocoa.framework",
				"$(SRCROOT)/Carthage/Build/iOS/APIKit.framework",
				"$(SRCROOT)/Carthage/Build/iOS/Result.framework",
				"$(SRCROOT)/Carthage/Build/iOS/Nuke.framework",
			);
			name = "Run Carthage";
			outputFileListPaths = (
			);
			outputPaths = (
			);
			runOnlyForDeploymentPostprocessing = 0;
			shellPath = /bin/sh;
			shellScript = "/usr/local/bin/carthage copy-frameworks\n";
		};
/* End PBXShellScriptBuildPhase section */

/* Begin PBXSourcesBuildPhase section */
		C5912B7F2221217A009B1D33 /* Sources */ = {
			isa = PBXSourcesBuildPhase;
			buildActionMask = 2147483647;
			files = (
				C5912BC622226A26009B1D33 /* ItemListModel.swift in Sources */,
				C5912B872221217A009B1D33 /* AppDelegate.swift in Sources */,
				C5DDC83E222A68A800A6C9BB /* DecodableDataParser.swift in Sources */,
				C5912BC4222269C5009B1D33 /* ItemListViewModel.swift in Sources */,
				C59A7FC6223CC48E00C8CE13 /* Item.swift in Sources */,
				C5912BB6222137B1009B1D33 /* ItemListViewController.swift in Sources */,
				C5912BB822213954009B1D33 /* MainTabBarController.swift in Sources */,
				C5C25204222B9E21000BD03A /* ItemListTableCell.swift in Sources */,
			);
			runOnlyForDeploymentPostprocessing = 0;
		};
		C5912B932221217D009B1D33 /* Sources */ = {
			isa = PBXSourcesBuildPhase;
			buildActionMask = 2147483647;
			files = (
				C5912B9C2221217D009B1D33 /* QiitaVieweriOSTests.swift in Sources */,
				C5912BD4222284D7009B1D33 /* ItemListModelSpec.swift in Sources */,
			);
			runOnlyForDeploymentPostprocessing = 0;
		};
		C5912B9E2221217E009B1D33 /* Sources */ = {
			isa = PBXSourcesBuildPhase;
			buildActionMask = 2147483647;
			files = (
				C5912BA72221217E009B1D33 /* QiitaVieweriOSUITests.swift in Sources */,
			);
			runOnlyForDeploymentPostprocessing = 0;
		};
/* End PBXSourcesBuildPhase section */

/* Begin PBXTargetDependency section */
		C5912B992221217D009B1D33 /* PBXTargetDependency */ = {
			isa = PBXTargetDependency;
			target = C5912B822221217A009B1D33 /* QiitaVieweriOS */;
			targetProxy = C5912B982221217D009B1D33 /* PBXContainerItemProxy */;
		};
		C5912BA42221217E009B1D33 /* PBXTargetDependency */ = {
			isa = PBXTargetDependency;
			target = C5912B822221217A009B1D33 /* QiitaVieweriOS */;
			targetProxy = C5912BA32221217E009B1D33 /* PBXContainerItemProxy */;
		};
/* End PBXTargetDependency section */

/* Begin PBXVariantGroup section */
		C5912B8A2221217A009B1D33 /* Main.storyboard */ = {
			isa = PBXVariantGroup;
			children = (
				C5912B8B2221217A009B1D33 /* Base */,
			);
			name = Main.storyboard;
			sourceTree = "<group>";
		};
		C5912B8F2221217D009B1D33 /* LaunchScreen.storyboard */ = {
			isa = PBXVariantGroup;
			children = (
				C5912B902221217D009B1D33 /* Base */,
			);
			name = LaunchScreen.storyboard;
			sourceTree = "<group>";
		};
/* End PBXVariantGroup section */

/* Begin XCBuildConfiguration section */
		C5912BA92221217E009B1D33 /* Debug */ = {
			isa = XCBuildConfiguration;
			buildSettings = {
				ALWAYS_SEARCH_USER_PATHS = NO;
				CLANG_ANALYZER_NONNULL = YES;
				CLANG_ANALYZER_NUMBER_OBJECT_CONVERSION = YES_AGGRESSIVE;
				CLANG_CXX_LANGUAGE_STANDARD = "gnu++14";
				CLANG_CXX_LIBRARY = "libc++";
				CLANG_ENABLE_MODULES = YES;
				CLANG_ENABLE_OBJC_ARC = YES;
				CLANG_ENABLE_OBJC_WEAK = YES;
				CLANG_WARN_BLOCK_CAPTURE_AUTORELEASING = YES;
				CLANG_WARN_BOOL_CONVERSION = YES;
				CLANG_WARN_COMMA = YES;
				CLANG_WARN_CONSTANT_CONVERSION = YES;
				CLANG_WARN_DEPRECATED_OBJC_IMPLEMENTATIONS = YES;
				CLANG_WARN_DIRECT_OBJC_ISA_USAGE = YES_ERROR;
				CLANG_WARN_DOCUMENTATION_COMMENTS = YES;
				CLANG_WARN_EMPTY_BODY = YES;
				CLANG_WARN_ENUM_CONVERSION = YES;
				CLANG_WARN_INFINITE_RECURSION = YES;
				CLANG_WARN_INT_CONVERSION = YES;
				CLANG_WARN_NON_LITERAL_NULL_CONVERSION = YES;
				CLANG_WARN_OBJC_IMPLICIT_RETAIN_SELF = YES;
				CLANG_WARN_OBJC_LITERAL_CONVERSION = YES;
				CLANG_WARN_OBJC_ROOT_CLASS = YES_ERROR;
				CLANG_WARN_RANGE_LOOP_ANALYSIS = YES;
				CLANG_WARN_STRICT_PROTOTYPES = YES;
				CLANG_WARN_SUSPICIOUS_MOVE = YES;
				CLANG_WARN_UNGUARDED_AVAILABILITY = YES_AGGRESSIVE;
				CLANG_WARN_UNREACHABLE_CODE = YES;
				CLANG_WARN__DUPLICATE_METHOD_MATCH = YES;
				CODE_SIGN_IDENTITY = "iPhone Developer";
				COPY_PHASE_STRIP = NO;
				DEBUG_INFORMATION_FORMAT = dwarf;
				ENABLE_STRICT_OBJC_MSGSEND = YES;
				ENABLE_TESTABILITY = YES;
				GCC_C_LANGUAGE_STANDARD = gnu11;
				GCC_DYNAMIC_NO_PIC = NO;
				GCC_NO_COMMON_BLOCKS = YES;
				GCC_OPTIMIZATION_LEVEL = 0;
				GCC_PREPROCESSOR_DEFINITIONS = (
					"DEBUG=1",
					"$(inherited)",
				);
				GCC_WARN_64_TO_32_BIT_CONVERSION = YES;
				GCC_WARN_ABOUT_RETURN_TYPE = YES_ERROR;
				GCC_WARN_UNDECLARED_SELECTOR = YES;
				GCC_WARN_UNINITIALIZED_AUTOS = YES_AGGRESSIVE;
				GCC_WARN_UNUSED_FUNCTION = YES;
				GCC_WARN_UNUSED_VARIABLE = YES;
				IPHONEOS_DEPLOYMENT_TARGET = 12.1;
				MTL_ENABLE_DEBUG_INFO = INCLUDE_SOURCE;
				MTL_FAST_MATH = YES;
				ONLY_ACTIVE_ARCH = YES;
				SDKROOT = iphoneos;
				SWIFT_ACTIVE_COMPILATION_CONDITIONS = DEBUG;
				SWIFT_OPTIMIZATION_LEVEL = "-Onone";
			};
			name = Debug;
		};
		C5912BAA2221217E009B1D33 /* Release */ = {
			isa = XCBuildConfiguration;
			buildSettings = {
				ALWAYS_SEARCH_USER_PATHS = NO;
				CLANG_ANALYZER_NONNULL = YES;
				CLANG_ANALYZER_NUMBER_OBJECT_CONVERSION = YES_AGGRESSIVE;
				CLANG_CXX_LANGUAGE_STANDARD = "gnu++14";
				CLANG_CXX_LIBRARY = "libc++";
				CLANG_ENABLE_MODULES = YES;
				CLANG_ENABLE_OBJC_ARC = YES;
				CLANG_ENABLE_OBJC_WEAK = YES;
				CLANG_WARN_BLOCK_CAPTURE_AUTORELEASING = YES;
				CLANG_WARN_BOOL_CONVERSION = YES;
				CLANG_WARN_COMMA = YES;
				CLANG_WARN_CONSTANT_CONVERSION = YES;
				CLANG_WARN_DEPRECATED_OBJC_IMPLEMENTATIONS = YES;
				CLANG_WARN_DIRECT_OBJC_ISA_USAGE = YES_ERROR;
				CLANG_WARN_DOCUMENTATION_COMMENTS = YES;
				CLANG_WARN_EMPTY_BODY = YES;
				CLANG_WARN_ENUM_CONVERSION = YES;
				CLANG_WARN_INFINITE_RECURSION = YES;
				CLANG_WARN_INT_CONVERSION = YES;
				CLANG_WARN_NON_LITERAL_NULL_CONVERSION = YES;
				CLANG_WARN_OBJC_IMPLICIT_RETAIN_SELF = YES;
				CLANG_WARN_OBJC_LITERAL_CONVERSION = YES;
				CLANG_WARN_OBJC_ROOT_CLASS = YES_ERROR;
				CLANG_WARN_RANGE_LOOP_ANALYSIS = YES;
				CLANG_WARN_STRICT_PROTOTYPES = YES;
				CLANG_WARN_SUSPICIOUS_MOVE = YES;
				CLANG_WARN_UNGUARDED_AVAILABILITY = YES_AGGRESSIVE;
				CLANG_WARN_UNREACHABLE_CODE = YES;
				CLANG_WARN__DUPLICATE_METHOD_MATCH = YES;
				CODE_SIGN_IDENTITY = "iPhone Developer";
				COPY_PHASE_STRIP = NO;
				DEBUG_INFORMATION_FORMAT = "dwarf-with-dsym";
				ENABLE_NS_ASSERTIONS = NO;
				ENABLE_STRICT_OBJC_MSGSEND = YES;
				GCC_C_LANGUAGE_STANDARD = gnu11;
				GCC_NO_COMMON_BLOCKS = YES;
				GCC_WARN_64_TO_32_BIT_CONVERSION = YES;
				GCC_WARN_ABOUT_RETURN_TYPE = YES_ERROR;
				GCC_WARN_UNDECLARED_SELECTOR = YES;
				GCC_WARN_UNINITIALIZED_AUTOS = YES_AGGRESSIVE;
				GCC_WARN_UNUSED_FUNCTION = YES;
				GCC_WARN_UNUSED_VARIABLE = YES;
				IPHONEOS_DEPLOYMENT_TARGET = 12.1;
				MTL_ENABLE_DEBUG_INFO = NO;
				MTL_FAST_MATH = YES;
				SDKROOT = iphoneos;
				SWIFT_COMPILATION_MODE = wholemodule;
				SWIFT_OPTIMIZATION_LEVEL = "-O";
				VALIDATE_PRODUCT = YES;
			};
			name = Release;
		};
		C5912BAC2221217E009B1D33 /* Debug */ = {
			isa = XCBuildConfiguration;
			buildSettings = {
				ASSETCATALOG_COMPILER_APPICON_NAME = AppIcon;
				CLANG_ENABLE_CODE_COVERAGE = YES;
				CODE_SIGN_IDENTITY = "iPhone Developer";
				CODE_SIGN_STYLE = Automatic;
				DEVELOPMENT_TEAM = DSTH7J6D65;
				FRAMEWORK_SEARCH_PATHS = (
					"$(inherited)",
					"$(PROJECT_DIR)/Carthage/Build/iOS",
				);
				INFOPLIST_FILE = QiitaVieweriOS/Info.plist;
				LD_RUNPATH_SEARCH_PATHS = (
					"$(inherited)",
					"@executable_path/Frameworks",
				);
				PRODUCT_BUNDLE_IDENTIFIER = com.subta.QiitaViewer;
				PRODUCT_NAME = "$(TARGET_NAME)";
				PROVISIONING_PROFILE_SPECIFIER = "";
				SWIFT_VERSION = 4.2;
				TARGETED_DEVICE_FAMILY = "1,2";
			};
			name = Debug;
		};
		C5912BAD2221217E009B1D33 /* Release */ = {
			isa = XCBuildConfiguration;
			buildSettings = {
				ASSETCATALOG_COMPILER_APPICON_NAME = AppIcon;
				CLANG_ENABLE_CODE_COVERAGE = YES;
				CODE_SIGN_IDENTITY = "iPhone Developer";
				CODE_SIGN_STYLE = Automatic;
				DEVELOPMENT_TEAM = DSTH7J6D65;
				FRAMEWORK_SEARCH_PATHS = (
					"$(inherited)",
					"$(PROJECT_DIR)/Carthage/Build/iOS",
				);
				INFOPLIST_FILE = QiitaVieweriOS/Info.plist;
				LD_RUNPATH_SEARCH_PATHS = (
					"$(inherited)",
					"@executable_path/Frameworks",
				);
				PRODUCT_BUNDLE_IDENTIFIER = com.subta.QiitaViewer;
				PRODUCT_NAME = "$(TARGET_NAME)";
				PROVISIONING_PROFILE_SPECIFIER = "";
				SWIFT_VERSION = 4.2;
				TARGETED_DEVICE_FAMILY = "1,2";
			};
			name = Release;
		};
		C5912BAF2221217E009B1D33 /* Debug */ = {
			isa = XCBuildConfiguration;
			buildSettings = {
				ALWAYS_EMBED_SWIFT_STANDARD_LIBRARIES = YES;
				BUNDLE_LOADER = "$(TEST_HOST)";
				CLANG_ENABLE_CODE_COVERAGE = YES;
				CODE_SIGN_STYLE = Automatic;
				FRAMEWORK_SEARCH_PATHS = (
					"$(inherited)",
					"$(PROJECT_DIR)/Carthage/Build/iOS",
				);
				INFOPLIST_FILE = QiitaVieweriOSTests/Info.plist;
				LD_RUNPATH_SEARCH_PATHS = (
					"$(inherited)",
					"@executable_path/Frameworks",
					"@loader_path/Frameworks",
				);
				PRODUCT_BUNDLE_IDENTIFIER = subta.sample.QiitaVieweriOSTests;
				PRODUCT_NAME = "$(TARGET_NAME)";
				SWIFT_VERSION = 4.2;
				TARGETED_DEVICE_FAMILY = "1,2";
				TEST_HOST = "$(BUILT_PRODUCTS_DIR)/QiitaVieweriOS.app/QiitaVieweriOS";
			};
			name = Debug;
		};
		C5912BB02221217E009B1D33 /* Release */ = {
			isa = XCBuildConfiguration;
			buildSettings = {
				ALWAYS_EMBED_SWIFT_STANDARD_LIBRARIES = YES;
				BUNDLE_LOADER = "$(TEST_HOST)";
				CLANG_ENABLE_CODE_COVERAGE = YES;
				CODE_SIGN_STYLE = Automatic;
				FRAMEWORK_SEARCH_PATHS = (
					"$(inherited)",
					"$(PROJECT_DIR)/Carthage/Build/iOS",
				);
				INFOPLIST_FILE = QiitaVieweriOSTests/Info.plist;
				LD_RUNPATH_SEARCH_PATHS = (
					"$(inherited)",
					"@executable_path/Frameworks",
					"@loader_path/Frameworks",
				);
				PRODUCT_BUNDLE_IDENTIFIER = subta.sample.QiitaVieweriOSTests;
				PRODUCT_NAME = "$(TARGET_NAME)";
				SWIFT_VERSION = 4.2;
				TARGETED_DEVICE_FAMILY = "1,2";
				TEST_HOST = "$(BUILT_PRODUCTS_DIR)/QiitaVieweriOS.app/QiitaVieweriOS";
			};
			name = Release;
		};
		C5912BB22221217E009B1D33 /* Debug */ = {
			isa = XCBuildConfiguration;
			buildSettings = {
				ALWAYS_EMBED_SWIFT_STANDARD_LIBRARIES = YES;
				CODE_SIGN_STYLE = Automatic;
				INFOPLIST_FILE = QiitaVieweriOSUITests/Info.plist;
				LD_RUNPATH_SEARCH_PATHS = (
					"$(inherited)",
					"@executable_path/Frameworks",
					"@loader_path/Frameworks",
				);
				PRODUCT_BUNDLE_IDENTIFIER = subta.sample.QiitaVieweriOSUITests;
				PRODUCT_NAME = "$(TARGET_NAME)";
				SWIFT_VERSION = 4.2;
				TARGETED_DEVICE_FAMILY = "1,2";
				TEST_TARGET_NAME = QiitaVieweriOS;
			};
			name = Debug;
		};
		C5912BB32221217E009B1D33 /* Release */ = {
			isa = XCBuildConfiguration;
			buildSettings = {
				ALWAYS_EMBED_SWIFT_STANDARD_LIBRARIES = YES;
				CODE_SIGN_STYLE = Automatic;
				INFOPLIST_FILE = QiitaVieweriOSUITests/Info.plist;
				LD_RUNPATH_SEARCH_PATHS = (
					"$(inherited)",
					"@executable_path/Frameworks",
					"@loader_path/Frameworks",
				);
				PRODUCT_BUNDLE_IDENTIFIER = subta.sample.QiitaVieweriOSUITests;
				PRODUCT_NAME = "$(TARGET_NAME)";
				SWIFT_VERSION = 4.2;
				TARGETED_DEVICE_FAMILY = "1,2";
				TEST_TARGET_NAME = QiitaVieweriOS;
			};
			name = Release;
		};
/* End XCBuildConfiguration section */

/* Begin XCConfigurationList section */
		C5912B7E2221217A009B1D33 /* Build configuration list for PBXProject "QiitaVieweriOS" */ = {
			isa = XCConfigurationList;
			buildConfigurations = (
				C5912BA92221217E009B1D33 /* Debug */,
				C5912BAA2221217E009B1D33 /* Release */,
			);
			defaultConfigurationIsVisible = 0;
			defaultConfigurationName = Release;
		};
		C5912BAB2221217E009B1D33 /* Build configuration list for PBXNativeTarget "QiitaVieweriOS" */ = {
			isa = XCConfigurationList;
			buildConfigurations = (
				C5912BAC2221217E009B1D33 /* Debug */,
				C5912BAD2221217E009B1D33 /* Release */,
			);
			defaultConfigurationIsVisible = 0;
			defaultConfigurationName = Release;
		};
		C5912BAE2221217E009B1D33 /* Build configuration list for PBXNativeTarget "QiitaVieweriOSTests" */ = {
			isa = XCConfigurationList;
			buildConfigurations = (
				C5912BAF2221217E009B1D33 /* Debug */,
				C5912BB02221217E009B1D33 /* Release */,
			);
			defaultConfigurationIsVisible = 0;
			defaultConfigurationName = Release;
		};
		C5912BB12221217E009B1D33 /* Build configuration list for PBXNativeTarget "QiitaVieweriOSUITests" */ = {
			isa = XCConfigurationList;
			buildConfigurations = (
				C5912BB22221217E009B1D33 /* Debug */,
				C5912BB32221217E009B1D33 /* Release */,
			);
			defaultConfigurationIsVisible = 0;
			defaultConfigurationName = Release;
		};
/* End XCConfigurationList section */
	};
	rootObject = C5912B7B2221217A009B1D33 /* Project object */;
}
